# This file is @generated by PDM.
# It is not intended for manual editing.

[[package]]
name = "attrs"
version = "22.2.0"
requires_python = ">=3.6"
summary = "Classes Without Boilerplate"

[[package]]
name = "colorama"
version = "0.4.6"
requires_python = "!=3.0.*,!=3.1.*,!=3.2.*,!=3.3.*,!=3.4.*,!=3.5.*,!=3.6.*,>=2.7"
summary = "Cross-platform colored terminal text."

[[package]]
name = "exceptiongroup"
version = "1.1.1"
requires_python = ">=3.7"
summary = "Backport of PEP 654 (exception groups)"

[[package]]
name = "importlib-metadata"
version = "6.1.0"
requires_python = ">=3.7"
summary = "Read metadata from Python packages"
dependencies = [
    "typing-extensions>=3.6.4; python_version < \"3.8\"",
    "zipp>=0.5",
]

[[package]]
name = "iniconfig"
version = "2.0.0"
requires_python = ">=3.7"
summary = "brain-dead simple config-ini parsing"

[[package]]
name = "packaging"
version = "23.0"
requires_python = ">=3.7"
summary = "Core utilities for Python packages"

[[package]]
name = "pluggy"
version = "1.0.0"
requires_python = ">=3.6"
summary = "plugin and hook calling mechanisms for python"
dependencies = [
    "importlib-metadata>=0.12; python_version < \"3.8\"",
]

[[package]]
name = "pony"
version = "0.7.16"
summary = "Pony Object-Relational Mapper"

[[package]]
name = "pyalsaaudio"
version = "0.9.2"
summary = "ALSA bindings"

[[package]]
name = "pytest"
version = "7.2.2"
requires_python = ">=3.7"
summary = "pytest: simple powerful testing with Python"
dependencies = [
    "attrs>=19.2.0",
    "colorama; sys_platform == \"win32\"",
    "exceptiongroup>=1.0.0rc8; python_version < \"3.11\"",
    "importlib-metadata>=0.12; python_version < \"3.8\"",
    "iniconfig",
    "packaging",
    "pluggy<2.0,>=0.12",
    "tomli>=1.0.0; python_version < \"3.11\"",
]

[[package]]
name = "tomli"
version = "2.0.1"
requires_python = ">=3.7"
summary = "A lil' TOML parser"

[[package]]
name = "typing-extensions"
version = "4.5.0"
requires_python = ">=3.7"
summary = "Backported and Experimental Type Hints for Python 3.7+"

[[package]]
name = "zipp"
version = "3.15.0"
requires_python = ">=3.7"
summary = "Backport of pathlib-compatible object wrapper for zip files"

[metadata]
lock_version = "4.1"
content_hash = "sha256:f3e810756c8a01fc4d03141c6a9bb40abf90deeaf04c268b88151d94b23bb7b6"

[metadata.files]
"attrs 22.2.0" = [
    {url = "https://files.pythonhosted.org/packages/21/31/3f468da74c7de4fcf9b25591e682856389b3400b4b62f201e65f15ea3e07/attrs-22.2.0.tar.gz", hash = "sha256:c9227bfc2f01993c03f68db37d1d15c9690188323c067c641f1a35ca58185f99"},
    {url = "https://files.pythonhosted.org/packages/fb/6e/6f83bf616d2becdf333a1640f1d463fef3150e2e926b7010cb0f81c95e88/attrs-22.2.0-py3-none-any.whl", hash = "sha256:29e95c7f6778868dbd49170f98f8818f78f3dc5e0e37c0b1f474e3561b240836"},
]
"colorama 0.4.6" = [
    {url = "https://files.pythonhosted.org/packages/d1/d6/3965ed04c63042e047cb6a3e6ed1a63a35087b6a609aa3a15ed8ac56c221/colorama-0.4.6-py2.py3-none-any.whl", hash = "sha256:4f1d9991f5acc0ca119f9d443620b77f9d6b33703e51011c16baf57afb285fc6"},
    {url = "https://files.pythonhosted.org/packages/d8/53/6f443c9a4a8358a93a6792e2acffb9d9d5cb0a5cfd8802644b7b1c9a02e4/colorama-0.4.6.tar.gz", hash = "sha256:08695f5cb7ed6e0531a20572697297273c47b8cae5a63ffc6d6ed5c201be6e44"},
]
"exceptiongroup 1.1.1" = [
    {url = "https://files.pythonhosted.org/packages/61/97/17ed81b7a8d24d8f69b62c0db37abbd8c0042d4b3fc429c73dab986e7483/exceptiongroup-1.1.1-py3-none-any.whl", hash = "sha256:232c37c63e4f682982c8b6459f33a8981039e5fb8756b2074364e5055c498c9e"},
    {url = "https://files.pythonhosted.org/packages/cc/38/57f14ddc8e8baeddd8993a36fe57ce7b4ba174c35048b9a6d270bb01e833/exceptiongroup-1.1.1.tar.gz", hash = "sha256:d484c3090ba2889ae2928419117447a14daf3c1231d5e30d0aae34f354f01785"},
]
"importlib-metadata 6.1.0" = [
    {url = "https://files.pythonhosted.org/packages/e2/d8/3d431bade4598ad9e33be9da41d15e6607b878008e922d122659ab01b077/importlib_metadata-6.1.0.tar.gz", hash = "sha256:43ce9281e097583d758c2c708c4376371261a02c34682491a8e98352365aad20"},
    {url = "https://files.pythonhosted.org/packages/f8/7d/e3adad613703c86d62aa991b45d6f090cf59975078a8c8100b50a0c86948/importlib_metadata-6.1.0-py3-none-any.whl", hash = "sha256:ff80f3b5394912eb1b108fcfd444dc78b7f1f3e16b16188054bd01cb9cb86f09"},
]
"iniconfig 2.0.0" = [
    {url = "https://files.pythonhosted.org/packages/d7/4b/cbd8e699e64a6f16ca3a8220661b5f83792b3017d0f79807cb8708d33913/iniconfig-2.0.0.tar.gz", hash = "sha256:2d91e135bf72d31a410b17c16da610a82cb55f6b0477d1a902134b24a455b8b3"},
    {url = "https://files.pythonhosted.org/packages/ef/a6/62565a6e1cf69e10f5727360368e451d4b7f58beeac6173dc9db836a5b46/iniconfig-2.0.0-py3-none-any.whl", hash = "sha256:b6a85871a79d2e3b22d2d1b94ac2824226a63c6b741c88f7ae975f18b6778374"},
]
"packaging 23.0" = [
    {url = "https://files.pythonhosted.org/packages/47/d5/aca8ff6f49aa5565df1c826e7bf5e85a6df852ee063600c1efa5b932968c/packaging-23.0.tar.gz", hash = "sha256:b6ad297f8907de0fa2fe1ccbd26fdaf387f5f47c7275fedf8cce89f99446cf97"},
    {url = "https://files.pythonhosted.org/packages/ed/35/a31aed2993e398f6b09a790a181a7927eb14610ee8bbf02dc14d31677f1c/packaging-23.0-py3-none-any.whl", hash = "sha256:714ac14496c3e68c99c29b00845f7a2b85f3bb6f1078fd9f72fd20f0570002b2"},
]
"pluggy 1.0.0" = [
    {url = "https://files.pythonhosted.org/packages/9e/01/f38e2ff29715251cf25532b9082a1589ab7e4f571ced434f98d0139336dc/pluggy-1.0.0-py2.py3-none-any.whl", hash = "sha256:74134bbf457f031a36d68416e1509f34bd5ccc019f0bcc952c7b909d06b37bd3"},
    {url = "https://files.pythonhosted.org/packages/a1/16/db2d7de3474b6e37cbb9c008965ee63835bba517e22cdb8c35b5116b5ce1/pluggy-1.0.0.tar.gz", hash = "sha256:4224373bacce55f955a878bf9cfa763c1e360858e330072059e10bad68531159"},
]
"pony 0.7.16" = [
    {url = "https://files.pythonhosted.org/packages/16/3c/28d42c569dc8d4d11bf512bc4f5beb54834a1fd132ab84274133fa4827c7/pony-0.7.16.tar.gz", hash = "sha256:5f45fc67587f4520c560a57148cc573b097d42f82f5cb200d72c957b5708198d"},
    {url = "https://files.pythonhosted.org/packages/68/2e/d7f36d21ce7e1df1d7a02bdb38541ccf5f9c18c2656ae3698acee29447a4/pony-0.7.16-py3-none-any.whl", hash = "sha256:608a1c1d662983bad2590e650f2bbc1cd6ed48558894ad8f50da4739ff98f614"},
]
"pyalsaaudio 0.9.2" = [
    {url = "https://files.pythonhosted.org/packages/a9/bd/24f576c07953671edfeba2545c3c92c46e97384f622957ecf95967c2b456/pyalsaaudio-0.9.2.tar.gz", hash = "sha256:e74a66d6c7a6bcceb990df66d3ebc0fe382fc9d765f35f050f9d98c695304b36"},
]
"pytest 7.2.2" = [
    {url = "https://files.pythonhosted.org/packages/b2/68/5321b5793bd506961bd40bdbdd0674e7de4fb873ee7cab33dd27283ad513/pytest-7.2.2-py3-none-any.whl", hash = "sha256:130328f552dcfac0b1cec75c12e3f005619dc5f874f0a06e8ff7263f0ee6225e"},
    {url = "https://files.pythonhosted.org/packages/b9/29/311895d9cd3f003dd58e8fdea36dd895ba2da5c0c90601836f7de79f76fe/pytest-7.2.2.tar.gz", hash = "sha256:c99ab0c73aceb050f68929bc93af19ab6db0558791c6a0715723abe9d0ade9d4"},
]
"tomli 2.0.1" = [
    {url = "https://files.pythonhosted.org/packages/97/75/10a9ebee3fd790d20926a90a2547f0bf78f371b2f13aa822c759680ca7b9/tomli-2.0.1-py3-none-any.whl", hash = "sha256:939de3e7a6161af0c887ef91b7d41a53e7c5a1ca976325f429cb46ea9bc30ecc"},
    {url = "https://files.pythonhosted.org/packages/c0/3f/d7af728f075fb08564c5949a9c95e44352e23dee646869fa104a3b2060a3/tomli-2.0.1.tar.gz", hash = "sha256:de526c12914f0c550d15924c62d72abc48d6fe7364aa87328337a31007fe8a4f"},
]
"typing-extensions 4.5.0" = [
    {url = "https://files.pythonhosted.org/packages/31/25/5abcd82372d3d4a3932e1fa8c3dbf9efac10cc7c0d16e78467460571b404/typing_extensions-4.5.0-py3-none-any.whl", hash = "sha256:fb33085c39dd998ac16d1431ebc293a8b3eedd00fd4a32de0ff79002c19511b4"},
    {url = "https://files.pythonhosted.org/packages/d3/20/06270dac7316220643c32ae61694e451c98f8caf4c8eab3aa80a2bedf0df/typing_extensions-4.5.0.tar.gz", hash = "sha256:5cb5f4a79139d699607b3ef622a1dedafa84e115ab0024e0d9c044a9479ca7cb"},
]
"zipp 3.15.0" = [
    {url = "https://files.pythonhosted.org/packages/00/27/f0ac6b846684cecce1ee93d32450c45ab607f65c2e0255f0092032d91f07/zipp-3.15.0.tar.gz", hash = "sha256:112929ad649da941c23de50f356a2b5570c954b65150642bccdd66bf194d224b"},
    {url = "https://files.pythonhosted.org/packages/5b/fa/c9e82bbe1af6266adf08afb563905eb87cab83fde00a0a08963510621047/zipp-3.15.0-py3-none-any.whl", hash = "sha256:48904fc76a60e542af151aded95726c1a5c34ed43ab4134b597665c86d7ad556"},
]
