# This file is @generated by PDM.
# It is not intended for manual editing.

[[package]]
name = "pony"
version = "0.7.16"
summary = "Pony Object-Relational Mapper"

[[package]]
name = "pyalsaaudio"
version = "0.9.2"
summary = "ALSA bindings"

[metadata]
lock_version = "4.1"
content_hash = "sha256:4a76c1fb1d50bfd269f0e1c307f1e87e121a6749d06ead54b3fa7c5cb6c5e31b"

[metadata.files]
"pony 0.7.16" = [
    {url = "https://files.pythonhosted.org/packages/16/3c/28d42c569dc8d4d11bf512bc4f5beb54834a1fd132ab84274133fa4827c7/pony-0.7.16.tar.gz", hash = "sha256:5f45fc67587f4520c560a57148cc573b097d42f82f5cb200d72c957b5708198d"},
    {url = "https://files.pythonhosted.org/packages/68/2e/d7f36d21ce7e1df1d7a02bdb38541ccf5f9c18c2656ae3698acee29447a4/pony-0.7.16-py3-none-any.whl", hash = "sha256:608a1c1d662983bad2590e650f2bbc1cd6ed48558894ad8f50da4739ff98f614"},
]
"pyalsaaudio 0.9.2" = [
    {url = "https://files.pythonhosted.org/packages/a9/bd/24f576c07953671edfeba2545c3c92c46e97384f622957ecf95967c2b456/pyalsaaudio-0.9.2.tar.gz", hash = "sha256:e74a66d6c7a6bcceb990df66d3ebc0fe382fc9d765f35f050f9d98c695304b36"},
]
