# generated by rye
# use `rye lock` or `rye sync` to update this lockfile
#
# last locked with the following flags:
#   pre: false
#   features: []
#   all-features: true
#   with-sources: false

-e file:.
amqp==5.2.0
    # via kombu
annotated-types==0.5.0
    # via pydantic
astral==3.2
    # via acoupi
backports-zoneinfo==0.2.1
    # via astral
billiard==3.6.4.0
    # via celery
celery==5.2.7
    # via acoupi
certifi==2024.2.2
    # via requests
cffi==1.15.1
    # via sounddevice
charset-normalizer==3.3.2
    # via requests
click==8.1.7
    # via acoupi
    # via celery
    # via click-didyoumean
    # via click-plugins
    # via click-repl
click-didyoumean==0.3.1
    # via celery
click-plugins==1.1.1
    # via celery
click-repl==0.3.0
    # via celery
dnspython==2.3.0
    # via eventlet
eventlet==0.36.1
    # via acoupi
greenlet==3.0.3
    # via eventlet
idna==3.7
    # via requests
jinja2==3.1.4
    # via acoupi
kombu==5.2.4
    # via celery
markupsafe==2.1.5
    # via jinja2
paho-mqtt==2.1.0
    # via acoupi
pony==0.7.17
    # via acoupi
prompt-toolkit==3.0.43
    # via click-repl
pyaudio==0.2.14
    # via acoupi
pycparser==2.21
    # via cffi
pydantic==2.5.3
    # via acoupi
    # via pydantic-settings
pydantic-core==2.14.6
    # via pydantic
pydantic-settings==2.0.3
    # via acoupi
python-dotenv==0.21.1
    # via pydantic-settings
pytz==2024.1
    # via acoupi
    # via celery
pyyaml==6.0.1
    # via acoupi
requests==2.31.0
    # via acoupi
sounddevice==0.4.6
    # via acoupi
typing-extensions==4.7.1
    # via annotated-types
    # via pydantic
    # via pydantic-core
urllib3==2.0.7
    # via requests
vine==5.1.0
    # via amqp
    # via celery
    # via kombu
wcwidth==0.2.13
    # via prompt-toolkit
