# generated by rye
# use `rye lock` or `rye sync` to update this lockfile
#
# last locked with the following flags:
#   pre: false
#   features: []
#   all-features: true
#   with-sources: false

-e file:.
alabaster==0.7.13
    # via sphinx
amqp==5.2.0
    # via kombu
annotated-types==0.5.0
    # via pydantic
astral==3.2
    # via acoupi
babel==2.14.0
    # via mkdocs-material
    # via sphinx
backports-zoneinfo==0.2.1
    # via astral
beautifulsoup4==4.12.3
    # via furo
billiard==3.6.4.0
    # via celery
black==23.3.0
celery==5.2.7
    # via acoupi
    # via flower
    # via pytest-celery
certifi==2024.2.2
    # via requests
cffi==1.15.1
    # via sounddevice
charset-normalizer==3.3.2
    # via requests
click==8.1.7
    # via acoupi
    # via black
    # via celery
    # via click-didyoumean
    # via click-plugins
    # via click-repl
    # via mkdocs
click-didyoumean==0.3.1
    # via celery
click-plugins==1.1.1
    # via celery
click-repl==0.3.0
    # via celery
colorama==0.4.6
    # via griffe
    # via mkdocs-material
    # via sphinx-autobuild
coverage==7.2.7
dnspython==2.3.0
    # via eventlet
docutils==0.19
    # via sphinx
eventlet==0.36.1
    # via acoupi
exceptiongroup==1.2.1
    # via pytest
flower==2.0.1
furo==2023.3.27
ghp-import==2.1.0
    # via mkdocs
greenlet==3.0.3
    # via eventlet
griffe==0.30.1
    # via mkdocstrings-python
humanize==4.6.0
    # via flower
idna==3.7
    # via requests
imagesize==1.4.1
    # via sphinx
importlib-metadata==4.13.0
    # via markdown
    # via mkdocs
    # via mkdocstrings
    # via sphinx
iniconfig==2.0.0
    # via pytest
isort==5.11.5
jinja2==3.1.4
    # via acoupi
    # via mkdocs
    # via mkdocs-material
    # via mkdocstrings
    # via sphinx
kombu==5.2.4
    # via celery
livereload==2.6.3
    # via sphinx-autobuild
markdown==3.4.4
    # via mkdocs
    # via mkdocs-autorefs
    # via mkdocs-material
    # via mkdocstrings
    # via pymdown-extensions
markupsafe==2.1.5
    # via jinja2
    # via mkdocs
    # via mkdocstrings
    # via werkzeug
mergedeep==1.3.4
    # via mkdocs
mkdocs==1.5.3
    # via mkdocs-autorefs
    # via mkdocs-material
    # via mkdocstrings
mkdocs-autorefs==0.4.1
    # via mkdocstrings
mkdocs-material==9.2.7
mkdocs-material-extensions==1.2
    # via mkdocs-material
mkdocstrings==0.22.0
    # via mkdocstrings-python
mkdocstrings-python==1.1.2
    # via mkdocstrings
mypy-extensions==1.0.0
    # via black
nodeenv==1.8.0
    # via pyright
packaging==24.0
    # via black
    # via mkdocs
    # via pytest
    # via sphinx
paginate==0.5.6
    # via mkdocs-material
paho-mqtt==2.1.0
    # via acoupi
pathspec==0.11.2
    # via black
    # via mkdocs
platformdirs==4.0.0
    # via black
    # via mkdocs
pluggy==1.2.0
    # via pytest
pony==0.7.17
    # via acoupi
pony-stubs==0.5.2
prometheus-client==0.17.1
    # via flower
prompt-toolkit==3.0.43
    # via click-repl
pyaudio==0.2.14
    # via acoupi
pycparser==2.21
    # via cffi
pydantic==2.5.3
    # via acoupi
    # via pydantic-settings
pydantic-core==2.14.6
    # via pydantic
pydantic-settings==2.0.3
    # via acoupi
pygments==2.17.2
    # via furo
    # via mkdocs-material
    # via sphinx
pymdown-extensions==10.2.1
    # via mkdocs-material
    # via mkdocstrings
pyright==1.1.361
pytest==7.4.4
pytest-celery==0.0.0
pytest-httpserver==1.0.6
python-dateutil==2.9.0.post0
    # via ghp-import
python-dotenv==0.21.1
    # via pydantic-settings
pytz==2024.1
    # via acoupi
    # via babel
    # via celery
    # via flower
pyyaml==6.0.1
    # via acoupi
    # via mkdocs
    # via pymdown-extensions
    # via pyyaml-env-tag
pyyaml-env-tag==0.1
    # via mkdocs
regex==2022.10.31
    # via mkdocs-material
requests==2.31.0
    # via acoupi
    # via mkdocs-material
    # via sphinx
ruff==0.4.3
setuptools==68.0.0
    # via nodeenv
six==1.16.0
    # via livereload
    # via python-dateutil
snowballstemmer==2.2.0
    # via sphinx
sounddevice==0.4.6
    # via acoupi
soupsieve==2.4.1
    # via beautifulsoup4
sphinx==5.3.0
    # via furo
    # via sphinx-autobuild
    # via sphinx-basic-ng
    # via sphinx-copybutton
sphinx-autobuild==2021.3.14
sphinx-basic-ng==1.0.0b2
    # via furo
sphinx-copybutton==0.5.2
sphinxcontrib-applehelp==1.0.2
    # via sphinx
sphinxcontrib-devhelp==1.0.2
    # via sphinx
sphinxcontrib-htmlhelp==2.0.0
    # via sphinx
sphinxcontrib-jsmath==1.0.1
    # via sphinx
sphinxcontrib-qthelp==1.0.3
    # via sphinx
sphinxcontrib-serializinghtml==1.1.5
    # via sphinx
tomli==2.0.1
    # via black
    # via coverage
    # via pytest
tornado==6.2
    # via flower
    # via livereload
typing-extensions==4.7.1
    # via annotated-types
    # via black
    # via mkdocstrings
    # via pydantic
    # via pydantic-core
urllib3==2.0.7
    # via requests
vine==5.1.0
    # via amqp
    # via celery
    # via kombu
watchdog==3.0.0
    # via mkdocs
wcwidth==0.2.13
    # via prompt-toolkit
werkzeug==2.2.3
    # via pytest-httpserver
zipp==3.15.0
    # via importlib-metadata
